// !$*UTF8*$!
{
	archiveVersion = 1;
	classes = {
	};
	objectVersion = 55;
	objects = {

/* Begin PBXBuildFile section */
		432158852732EAE1000B9245 /* AppDelegate.swift in Sources */ = {isa = PBXBuildFile; fileRef = 432158842732EAE1000B9245 /* AppDelegate.swift */; };
		432158872732EAE1000B9245 /* SceneDelegate.swift in Sources */ = {isa = PBXBuildFile; fileRef = 432158862732EAE1000B9245 /* SceneDelegate.swift */; };
		432158892732EAE1000B9245 /* ViewController.swift in Sources */ = {isa = PBXBuildFile; fileRef = 432158882732EAE1000B9245 /* ViewController.swift */; };
		4321588C2732EAE1000B9245 /* Main.storyboard in Resources */ = {isa = PBXBuildFile; fileRef = 4321588A2732EAE1000B9245 /* Main.storyboard */; };
		4321588E2732EAE4000B9245 /* Assets.xcassets in Resources */ = {isa = PBXBuildFile; fileRef = 4321588D2732EAE4000B9245 /* Assets.xcassets */; };
		432158912732EAE4000B9245 /* LaunchScreen.storyboard in Resources */ = {isa = PBXBuildFile; fileRef = 4321588F2732EAE4000B9245 /* LaunchScreen.storyboard */; };
		4321589C2732EAE4000B9245 /* Egg_Timer_Application_NESTests.swift in Sources */ = {isa = PBXBuildFile; fileRef = 4321589B2732EAE4000B9245 /* Egg_Timer_Application_NESTests.swift */; };
		432158A62732EAE4000B9245 /* Egg_Timer_Application_NESUITests.swift in Sources */ = {isa = PBXBuildFile; fileRef = 432158A52732EAE4000B9245 /* Egg_Timer_Application_NESUITests.swift */; };
		432158A82732EAE4000B9245 /* Egg_Timer_Application_NESUITestsLaunchTests.swift in Sources */ = {isa = PBXBuildFile; fileRef = 432158A72732EAE4000B9245 /* Egg_Timer_Application_NESUITestsLaunchTests.swift */; };
/* End PBXBuildFile section */

/* Begin PBXContainerItemProxy section */
		432158982732EAE4000B9245 /* PBXContainerItemProxy */ = {
			isa = PBXContainerItemProxy;
			containerPortal = 432158792732EAE1000B9245 /* Project object */;
			proxyType = 1;
			remoteGlobalIDString = 432158802732EAE1000B9245;
			remoteInfo = "Egg-Timer-Application-NES";
		};
		432158A22732EAE4000B9245 /* PBXContainerItemProxy */ = {
			isa = PBXContainerItemProxy;
			containerPortal = 432158792732EAE1000B9245 /* Project object */;
			proxyType = 1;
			remoteGlobalIDString = 432158802732EAE1000B9245;
			remoteInfo = "Egg-Timer-Application-NES";
		};
/* End PBXContainerItemProxy section */

/* Begin PBXFileReference section */
		432158812732EAE1000B9245 /* Egg-Timer-Application-NES.app */ = {isa = PBXFileReference; explicitFileType = wrapper.application; includeInIndex = 0; path = "Egg-Timer-Application-NES.app"; sourceTree = BUILT_PRODUCTS_DIR; };
		432158842732EAE1000B9245 /* AppDelegate.swift */ = {isa = PBXFileReference; lastKnownFileType = sourcecode.swift; path = AppDelegate.swift; sourceTree = "<group>"; };
		432158862732EAE1000B9245 /* SceneDelegate.swift */ = {isa = PBXFileReference; lastKnownFileType = sourcecode.swift; path = SceneDelegate.swift; sourceTree = "<group>"; };
		432158882732EAE1000B9245 /* ViewController.swift */ = {isa = PBXFileReference; lastKnownFileType = sourcecode.swift; path = ViewController.swift; sourceTree = "<group>"; };
		4321588B2732EAE1000B9245 /* Base */ = {isa = PBXFileReference; lastKnownFileType = file.storyboard; name = Base; path = Base.lproj/Main.storyboard; sourceTree = "<group>"; };
		4321588D2732EAE4000B9245 /* Assets.xcassets */ = {isa = PBXFileReference; lastKnownFileType = folder.assetcatalog; path = Assets.xcassets; sourceTree = "<group>"; };
		432158902732EAE4000B9245 /* Base */ = {isa = PBXFileReference; lastKnownFileType = file.storyboard; name = Base; path = Base.lproj/LaunchScreen.storyboard; sourceTree = "<group>"; };
		432158922732EAE4000B9245 /* Info.plist */ = {isa = PBXFileReference; lastKnownFileType = text.plist.xml; path = Info.plist; sourceTree = "<group>"; };
		432158972732EAE4000B9245 /* Egg-Timer-Application-NESTests.xctest */ = {isa = PBXFileReference; explicitFileType = wrapper.cfbundle; includeInIndex = 0; path = "Egg-Timer-Application-NESTests.xctest"; sourceTree = BUILT_PRODUCTS_DIR; };
		4321589B2732EAE4000B9245 /* Egg_Timer_Application_NESTests.swift */ = {isa = PBXFileReference; lastKnownFileType = sourcecode.swift; path = Egg_Timer_Application_NESTests.swift; sourceTree = "<group>"; };
		432158A12732EAE4000B9245 /* Egg-Timer-Application-NESUITests.xctest */ = {isa = PBXFileReference; explicitFileType = wrapper.cfbundle; includeInIndex = 0; path = "Egg-Timer-Application-NESUITests.xctest"; sourceTree = BUILT_PRODUCTS_DIR; };
		432158A52732EAE4000B9245 /* Egg_Timer_Application_NESUITests.swift */ = {isa = PBXFileReference; lastKnownFileType = sourcecode.swift; path = Egg_Timer_Application_NESUITests.swift; sourceTree = "<group>"; };
		432158A72732EAE4000B9245 /* Egg_Timer_Application_NESUITestsLaunchTests.swift */ = {isa = PBXFileReference; lastKnownFileType = sourcecode.swift; path = Egg_Timer_Application_NESUITestsLaunchTests.swift; sourceTree = "<group>"; };
/* End PBXFileReference section */

/* Begin PBXFrameworksBuildPhase section */
		4321587E2732EAE1000B9245 /* Frameworks */ = {
			isa = PBXFrameworksBuildPhase;
			buildActionMask = 2147483647;
			files = (
			);
			runOnlyForDeploymentPostprocessing = 0;
		};
		432158942732EAE4000B9245 /* Frameworks */ = {
			isa = PBXFrameworksBuildPhase;
			buildActionMask = 2147483647;
			files = (
			);
			runOnlyForDeploymentPostprocessing = 0;
		};
		4321589E2732EAE4000B9245 /* Frameworks */ = {
			isa = PBXFrameworksBuildPhase;
			buildActionMask = 2147483647;
			files = (
			);
			runOnlyForDeploymentPostprocessing = 0;
		};
/* End PBXFrameworksBuildPhase section */

/* Begin PBXGroup section */
		432158782732EAE1000B9245 = {
			isa = PBXGroup;
			children = (
				432158832732EAE1000B9245 /* Egg-Timer-Application-NES */,
				4321589A2732EAE4000B9245 /* Egg-Timer-Application-NESTests */,
				432158A42732EAE4000B9245 /* Egg-Timer-Application-NESUITests */,
				432158822732EAE1000B9245 /* Products */,
			);
			sourceTree = "<group>";
		};
		432158822732EAE1000B9245 /* Products */ = {
			isa = PBXGroup;
			children = (
				432158812732EAE1000B9245 /* Egg-Timer-Application-NES.app */,
				432158972732EAE4000B9245 /* Egg-Timer-Application-NESTests.xctest */,
				432158A12732EAE4000B9245 /* Egg-Timer-Application-NESUITests.xctest */,
			);
			name = Products;
			sourceTree = "<group>";
		};
		432158832732EAE1000B9245 /* Egg-Timer-Application-NES */ = {
			isa = PBXGroup;
			children = (
				432158842732EAE1000B9245 /* AppDelegate.swift */,
				432158862732EAE1000B9245 /* SceneDelegate.swift */,
				432158882732EAE1000B9245 /* ViewController.swift */,
				4321588A2732EAE1000B9245 /* Main.storyboard */,
				4321588D2732EAE4000B9245 /* Assets.xcassets */,
				4321588F2732EAE4000B9245 /* LaunchScreen.storyboard */,
				432158922732EAE4000B9245 /* Info.plist */,
			);
			path = "Egg-Timer-Application-NES";
			sourceTree = "<group>";
		};
		4321589A2732EAE4000B9245 /* Egg-Timer-Application-NESTests */ = {
			isa = PBXGroup;
			children = (
				4321589B2732EAE4000B9245 /* Egg_Timer_Application_NESTests.swift */,
			);
			path = "Egg-Timer-Application-NESTests";
			sourceTree = "<group>";
		};
		432158A42732EAE4000B9245 /* Egg-Timer-Application-NESUITests */ = {
			isa = PBXGroup;
			children = (
				432158A52732EAE4000B9245 /* Egg_Timer_Application_NESUITests.swift */,
				432158A72732EAE4000B9245 /* Egg_Timer_Application_NESUITestsLaunchTests.swift */,
			);
			path = "Egg-Timer-Application-NESUITests";
			sourceTree = "<group>";
		};
/* End PBXGroup section */

/* Begin PBXNativeTarget section */
		432158802732EAE1000B9245 /* Egg-Timer-Application-NES */ = {
			isa = PBXNativeTarget;
			buildConfigurationList = 432158AB2732EAE4000B9245 /* Build configuration list for PBXNativeTarget "Egg-Timer-Application-NES" */;
			buildPhases = (
				4321587D2732EAE1000B9245 /* Sources */,
				4321587E2732EAE1000B9245 /* Frameworks */,
				4321587F2732EAE1000B9245 /* Resources */,
			);
			buildRules = (
			);
			dependencies = (
			);
			name = "Egg-Timer-Application-NES";
			productName = "Egg-Timer-Application-NES";
			productReference = 432158812732EAE1000B9245 /* Egg-Timer-Application-NES.app */;
			productType = "com.apple.product-type.application";
		};
		432158962732EAE4000B9245 /* Egg-Timer-Application-NESTests */ = {
			isa = PBXNativeTarget;
			buildConfigurationList = 432158AE2732EAE4000B9245 /* Build configuration list for PBXNativeTarget "Egg-Timer-Application-NESTests" */;
			buildPhases = (
				432158932732EAE4000B9245 /* Sources */,
				432158942732EAE4000B9245 /* Frameworks */,
				432158952732EAE4000B9245 /* Resources */,
			);
			buildRules = (
			);
			dependencies = (
				432158992732EAE4000B9245 /* PBXTargetDependency */,
			);
			name = "Egg-Timer-Application-NESTests";
			productName = "Egg-Timer-Application-NESTests";
			productReference = 432158972732EAE4000B9245 /* Egg-Timer-Application-NESTests.xctest */;
			productType = "com.apple.product-type.bundle.unit-test";
		};
		432158A02732EAE4000B9245 /* Egg-Timer-Application-NESUITests */ = {
			isa = PBXNativeTarget;
			buildConfigurationList = 432158B12732EAE4000B9245 /* Build configuration list for PBXNativeTarget "Egg-Timer-Application-NESUITests" */;
			buildPhases = (
				4321589D2732EAE4000B9245 /* Sources */,
				4321589E2732EAE4000B9245 /* Frameworks */,
				4321589F2732EAE4000B9245 /* Resources */,
			);
			buildRules = (
			);
			dependencies = (
				432158A32732EAE4000B9245 /* PBXTargetDependency */,
			);
			name = "Egg-Timer-Application-NESUITests";
			productName = "Egg-Timer-Application-NESUITests";
			productReference = 432158A12732EAE4000B9245 /* Egg-Timer-Application-NESUITests.xctest */;
			productType = "com.apple.product-type.bundle.ui-testing";
		};
/* End PBXNativeTarget section */

/* Begin PBXProject section */
		432158792732EAE1000B9245 /* Project object */ = {
			isa = PBXProject;
			attributes = {
				BuildIndependentTargetsInParallel = 1;
				LastSwiftUpdateCheck = 1300;
				LastUpgradeCheck = 1300;
				TargetAttributes = {
					432158802732EAE1000B9245 = {
						CreatedOnToolsVersion = 13.0;
					};
					432158962732EAE4000B9245 = {
						CreatedOnToolsVersion = 13.0;
						TestTargetID = 432158802732EAE1000B9245;
					};
					432158A02732EAE4000B9245 = {
						CreatedOnToolsVersion = 13.0;
						TestTargetID = 432158802732EAE1000B9245;
					};
				};
			};
			buildConfigurationList = 4321587C2732EAE1000B9245 /* Build configuration list for PBXProject "Egg-Timer-Application-NES" */;
			compatibilityVersion = "Xcode 13.0";
			developmentRegion = en;
			hasScannedForEncodings = 0;
			knownRegions = (
				en,
				Base,
			);
			mainGroup = 432158782732EAE1000B9245;
			productRefGroup = 432158822732EAE1000B9245 /* Products */;
			projectDirPath = "";
			projectRoot = "";
			targets = (
				432158802732EAE1000B9245 /* Egg-Timer-Application-NES */,
				432158962732EAE4000B9245 /* Egg-Timer-Application-NESTests */,
				432158A02732EAE4000B9245 /* Egg-Timer-Application-NESUITests */,
			);
		};
/* End PBXProject section */

/* Begin PBXResourcesBuildPhase section */
		4321587F2732EAE1000B9245 /* Resources */ = {
			isa = PBXResourcesBuildPhase;
			buildActionMask = 2147483647;
			files = (
				432158912732EAE4000B9245 /* LaunchScreen.storyboard in Resources */,
				4321588E2732EAE4000B9245 /* Assets.xcassets in Resources */,
				4321588C2732EAE1000B9245 /* Main.storyboard in Resources */,
			);
			runOnlyForDeploymentPostprocessing = 0;
		};
		432158952732EAE4000B9245 /* Resources */ = {
			isa = PBXResourcesBuildPhase;
			buildActionMask = 2147483647;
			files = (
			);
			runOnlyForDeploymentPostprocessing = 0;
		};
		4321589F2732EAE4000B9245 /* Resources */ = {
			isa = PBXResourcesBuildPhase;
			buildActionMask = 2147483647;
			files = (
			);
			runOnlyForDeploymentPostprocessing = 0;
		};
/* End PBXResourcesBuildPhase section */

/* Begin PBXSourcesBuildPhase section */
		4321587D2732EAE1000B9245 /* Sources */ = {
			isa = PBXSourcesBuildPhase;
			buildActionMask = 2147483647;
			files = (
				432158892732EAE1000B9245 /* ViewController.swift in Sources */,
				432158852732EAE1000B9245 /* AppDelegate.swift in Sources */,
				432158872732EAE1000B9245 /* SceneDelegate.swift in Sources */,
			);
			runOnlyForDeploymentPostprocessing = 0;
		};
		432158932732EAE4000B9245 /* Sources */ = {
			isa = PBXSourcesBuildPhase;
			buildActionMask = 2147483647;
			files = (
				4321589C2732EAE4000B9245 /* Egg_Timer_Application_NESTests.swift in Sources */,
			);
			runOnlyForDeploymentPostprocessing = 0;
		};
		4321589D2732EAE4000B9245 /* Sources */ = {
			isa = PBXSourcesBuildPhase;
			buildActionMask = 2147483647;
			files = (
				432158A82732EAE4000B9245 /* Egg_Timer_Application_NESUITestsLaunchTests.swift in Sources */,
				432158A62732EAE4000B9245 /* Egg_Timer_Application_NESUITests.swift in Sources */,
			);
			runOnlyForDeploymentPostprocessing = 0;
		};
/* End PBXSourcesBuildPhase section */

/* Begin PBXTargetDependency section */
		432158992732EAE4000B9245 /* PBXTargetDependency */ = {
			isa = PBXTargetDependency;
			target = 432158802732EAE1000B9245 /* Egg-Timer-Application-NES */;
			targetProxy = 432158982732EAE4000B9245 /* PBXContainerItemProxy */;
		};
		432158A32732EAE4000B9245 /* PBXTargetDependency */ = {
			isa = PBXTargetDependency;
			target = 432158802732EAE1000B9245 /* Egg-Timer-Application-NES */;
			targetProxy = 432158A22732EAE4000B9245 /* PBXContainerItemProxy */;
		};
/* End PBXTargetDependency section */

/* Begin PBXVariantGroup section */
		4321588A2732EAE1000B9245 /* Main.storyboard */ = {
			isa = PBXVariantGroup;
			children = (
				4321588B2732EAE1000B9245 /* Base */,
			);
			name = Main.storyboard;
			sourceTree = "<group>";
		};
		4321588F2732EAE4000B9245 /* LaunchScreen.storyboard */ = {
			isa = PBXVariantGroup;
			children = (
				432158902732EAE4000B9245 /* Base */,
			);
			name = LaunchScreen.storyboard;
			sourceTree = "<group>";
		};
/* End PBXVariantGroup section */

/* Begin XCBuildConfiguration section */
		432158A92732EAE4000B9245 /* Debug */ = {
			isa = XCBuildConfiguration;
			buildSettings = {
				ALWAYS_SEARCH_USER_PATHS = NO;
				CLANG_ANALYZER_NONNULL = YES;
				CLANG_ANALYZER_NUMBER_OBJECT_CONVERSION = YES_AGGRESSIVE;
				CLANG_CXX_LANGUAGE_STANDARD = "gnu++17";
				CLANG_CXX_LIBRARY = "libc++";
				CLANG_ENABLE_MODULES = YES;
				CLANG_ENABLE_OBJC_ARC = YES;
				CLANG_ENABLE_OBJC_WEAK = YES;
				CLANG_WARN_BLOCK_CAPTURE_AUTORELEASING = YES;
				CLANG_WARN_BOOL_CONVERSION = YES;
				CLANG_WARN_COMMA = YES;
				CLANG_WARN_CONSTANT_CONVERSION = YES;
				CLANG_WARN_DEPRECATED_OBJC_IMPLEMENTATIONS = YES;
				CLANG_WARN_DIRECT_OBJC_ISA_USAGE = YES_ERROR;
				CLANG_WARN_DOCUMENTATION_COMMENTS = YES;
				CLANG_WARN_EMPTY_BODY = YES;
				CLANG_WARN_ENUM_CONVERSION = YES;
				CLANG_WARN_INFINITE_RECURSION = YES;
				CLANG_WARN_INT_CONVERSION = YES;
				CLANG_WARN_NON_LITERAL_NULL_CONVERSION = YES;
				CLANG_WARN_OBJC_IMPLICIT_RETAIN_SELF = YES;
				CLANG_WARN_OBJC_LITERAL_CONVERSION = YES;
				CLANG_WARN_OBJC_ROOT_CLASS = YES_ERROR;
				CLANG_WARN_QUOTED_INCLUDE_IN_FRAMEWORK_HEADER = YES;
				CLANG_WARN_RANGE_LOOP_ANALYSIS = YES;
				CLANG_WARN_STRICT_PROTOTYPES = YES;
				CLANG_WARN_SUSPICIOUS_MOVE = YES;
				CLANG_WARN_UNGUARDED_AVAILABILITY = YES_AGGRESSIVE;
				CLANG_WARN_UNREACHABLE_CODE = YES;
				CLANG_WARN__DUPLICATE_METHOD_MATCH = YES;
				COPY_PHASE_STRIP = NO;
				DEBUG_INFORMATION_FORMAT = dwarf;
				ENABLE_STRICT_OBJC_MSGSEND = YES;
				ENABLE_TESTABILITY = YES;
				GCC_C_LANGUAGE_STANDARD = gnu11;
				GCC_DYNAMIC_NO_PIC = NO;
				GCC_NO_COMMON_BLOCKS = YES;
				GCC_OPTIMIZATION_LEVEL = 0;
				GCC_PREPROCESSOR_DEFINITIONS = (
					"DEBUG=1",
					"$(inherited)",
				);
				GCC_WARN_64_TO_32_BIT_CONVERSION = YES;
				GCC_WARN_ABOUT_RETURN_TYPE = YES_ERROR;
				GCC_WARN_UNDECLARED_SELECTOR = YES;
				GCC_WARN_UNINITIALIZED_AUTOS = YES_AGGRESSIVE;
				GCC_WARN_UNUSED_FUNCTION = YES;
				GCC_WARN_UNUSED_VARIABLE = YES;
				IPHONEOS_DEPLOYMENT_TARGET = 15.0;
				MTL_ENABLE_DEBUG_INFO = INCLUDE_SOURCE;
				MTL_FAST_MATH = YES;
				ONLY_ACTIVE_ARCH = YES;
				SDKROOT = iphoneos;
				SWIFT_ACTIVE_COMPILATION_CONDITIONS = DEBUG;
				SWIFT_OPTIMIZATION_LEVEL = "-Onone";
			};
			name = Debug;
		};
		432158AA2732EAE4000B9245 /* Release */ = {
			isa = XCBuildConfiguration;
			buildSettings = {
				ALWAYS_SEARCH_USER_PATHS = NO;
				CLANG_ANALYZER_NONNULL = YES;
				CLANG_ANALYZER_NUMBER_OBJECT_CONVERSION = YES_AGGRESSIVE;
				CLANG_CXX_LANGUAGE_STANDARD = "gnu++17";
				CLANG_CXX_LIBRARY = "libc++";
				CLANG_ENABLE_MODULES = YES;
				CLANG_ENABLE_OBJC_ARC = YES;
				CLANG_ENABLE_OBJC_WEAK = YES;
				CLANG_WARN_BLOCK_CAPTURE_AUTORELEASING = YES;
				CLANG_WARN_BOOL_CONVERSION = YES;
				CLANG_WARN_COMMA = YES;
				CLANG_WARN_CONSTANT_CONVERSION = YES;
				CLANG_WARN_DEPRECATED_OBJC_IMPLEMENTATIONS = YES;
				CLANG_WARN_DIRECT_OBJC_ISA_USAGE = YES_ERROR;
				CLANG_WARN_DOCUMENTATION_COMMENTS = YES;
				CLANG_WARN_EMPTY_BODY = YES;
				CLANG_WARN_ENUM_CONVERSION = YES;
				CLANG_WARN_INFINITE_RECURSION = YES;
				CLANG_WARN_INT_CONVERSION = YES;
				CLANG_WARN_NON_LITERAL_NULL_CONVERSION = YES;
				CLANG_WARN_OBJC_IMPLICIT_RETAIN_SELF = YES;
				CLANG_WARN_OBJC_LITERAL_CONVERSION = YES;
				CLANG_WARN_OBJC_ROOT_CLASS = YES_ERROR;
				CLANG_WARN_QUOTED_INCLUDE_IN_FRAMEWORK_HEADER = YES;
				CLANG_WARN_RANGE_LOOP_ANALYSIS = YES;
				CLANG_WARN_STRICT_PROTOTYPES = YES;
				CLANG_WARN_SUSPICIOUS_MOVE = YES;
				CLANG_WARN_UNGUARDED_AVAILABILITY = YES_AGGRESSIVE;
				CLANG_WARN_UNREACHABLE_CODE = YES;
				CLANG_WARN__DUPLICATE_METHOD_MATCH = YES;
				COPY_PHASE_STRIP = NO;
				DEBUG_INFORMATION_FORMAT = "dwarf-with-dsym";
				ENABLE_NS_ASSERTIONS = NO;
				ENABLE_STRICT_OBJC_MSGSEND = YES;
				GCC_C_LANGUAGE_STANDARD = gnu11;
				GCC_NO_COMMON_BLOCKS = YES;
				GCC_WARN_64_TO_32_BIT_CONVERSION = YES;
				GCC_WARN_ABOUT_RETURN_TYPE = YES_ERROR;
				GCC_WARN_UNDECLARED_SELECTOR = YES;
				GCC_WARN_UNINITIALIZED_AUTOS = YES_AGGRESSIVE;
				GCC_WARN_UNUSED_FUNCTION = YES;
				GCC_WARN_UNUSED_VARIABLE = YES;
				IPHONEOS_DEPLOYMENT_TARGET = 15.0;
				MTL_ENABLE_DEBUG_INFO = NO;
				MTL_FAST_MATH = YES;
				SDKROOT = iphoneos;
				SWIFT_COMPILATION_MODE = wholemodule;
				SWIFT_OPTIMIZATION_LEVEL = "-O";
				VALIDATE_PRODUCT = YES;
			};
			name = Release;
		};
		432158AC2732EAE4000B9245 /* Debug */ = {
			isa = XCBuildConfiguration;
			buildSettings = {
				ASSETCATALOG_COMPILER_APPICON_NAME = AppIcon;
				ASSETCATALOG_COMPILER_GLOBAL_ACCENT_COLOR_NAME = AccentColor;
				CODE_SIGN_STYLE = Automatic;
				CURRENT_PROJECT_VERSION = 1;
				DEVELOPMENT_TEAM = A44ZPUJ4DY;
				GENERATE_INFOPLIST_FILE = YES;
				INFOPLIST_FILE = "Egg-Timer-Application-NES/Info.plist";
				INFOPLIST_KEY_UIApplicationSupportsIndirectInputEvents = YES;
				INFOPLIST_KEY_UILaunchStoryboardName = LaunchScreen;
				INFOPLIST_KEY_UIMainStoryboardFile = Main;
				INFOPLIST_KEY_UISupportedInterfaceOrientations_iPad = "UIInterfaceOrientationPortrait UIInterfaceOrientationPortraitUpsideDown UIInterfaceOrientationLandscapeLeft UIInterfaceOrientationLandscapeRight";
				INFOPLIST_KEY_UISupportedInterfaceOrientations_iPhone = "UIInterfaceOrientationPortrait UIInterfaceOrientationLandscapeLeft UIInterfaceOrientationLandscapeRight";
				LD_RUNPATH_SEARCH_PATHS = (
					"$(inherited)",
					"@executable_path/Frameworks",
				);
				MARKETING_VERSION = 1.0;
				PRODUCT_BUNDLE_IDENTIFIER = "com.nes.application.Egg-Timer-Application-NES";
				PRODUCT_NAME = "$(TARGET_NAME)";
				SWIFT_EMIT_LOC_STRINGS = YES;
				SWIFT_VERSION = 5.0;
				TARGETED_DEVICE_FAMILY = "1,2";
			};
			name = Debug;
		};
		432158AD2732EAE4000B9245 /* Release */ = {
			isa = XCBuildConfiguration;
			buildSettings = {
				ASSETCATALOG_COMPILER_APPICON_NAME = AppIcon;
				ASSETCATALOG_COMPILER_GLOBAL_ACCENT_COLOR_NAME = AccentColor;
				CODE_SIGN_STYLE = Automatic;
				CURRENT_PROJECT_VERSION = 1;
				DEVELOPMENT_TEAM = A44ZPUJ4DY;
				GENERATE_INFOPLIST_FILE = YES;
				INFOPLIST_FILE = "Egg-Timer-Application-NES/Info.plist";
				INFOPLIST_KEY_UIApplicationSupportsIndirectInputEvents = YES;
				INFOPLIST_KEY_UILaunchStoryboardName = LaunchScreen;
				INFOPLIST_KEY_UIMainStoryboardFile = Main;
				INFOPLIST_KEY_UISupportedInterfaceOrientations_iPad = "UIInterfaceOrientationPortrait UIInterfaceOrientationPortraitUpsideDown UIInterfaceOrientationLandscapeLeft UIInterfaceOrientationLandscapeRight";
				INFOPLIST_KEY_UISupportedInterfaceOrientations_iPhone = "UIInterfaceOrientationPortrait UIInterfaceOrientationLandscapeLeft UIInterfaceOrientationLandscapeRight";
				LD_RUNPATH_SEARCH_PATHS = (
					"$(inherited)",
					"@executable_path/Frameworks",
				);
				MARKETING_VERSION = 1.0;
				PRODUCT_BUNDLE_IDENTIFIER = "com.nes.application.Egg-Timer-Application-NES";
				PRODUCT_NAME = "$(TARGET_NAME)";
				SWIFT_EMIT_LOC_STRINGS = YES;
				SWIFT_VERSION = 5.0;
				TARGETED_DEVICE_FAMILY = "1,2";
			};
			name = Release;
		};
		432158AF2732EAE4000B9245 /* Debug */ = {
			isa = XCBuildConfiguration;
			buildSettings = {
				ALWAYS_EMBED_SWIFT_STANDARD_LIBRARIES = YES;
				BUNDLE_LOADER = "$(TEST_HOST)";
				CODE_SIGN_STYLE = Automatic;
				CURRENT_PROJECT_VERSION = 1;
				DEVELOPMENT_TEAM = A44ZPUJ4DY;
				GENERATE_INFOPLIST_FILE = YES;
				IPHONEOS_DEPLOYMENT_TARGET = 15.0;
				LD_RUNPATH_SEARCH_PATHS = (
					"$(inherited)",
					"@executable_path/Frameworks",
					"@loader_path/Frameworks",
				);
				MARKETING_VERSION = 1.0;
				PRODUCT_BUNDLE_IDENTIFIER = "com.nes.application.Egg-Timer-Application-NESTests";
				PRODUCT_NAME = "$(TARGET_NAME)";
				SWIFT_EMIT_LOC_STRINGS = NO;
				SWIFT_VERSION = 5.0;
				TARGETED_DEVICE_FAMILY = "1,2";
				TEST_HOST = "$(BUILT_PRODUCTS_DIR)/Egg-Timer-Application-NES.app/Egg-Timer-Application-NES";
			};
			name = Debug;
		};
		432158B02732EAE4000B9245 /* Release */ = {
			isa = XCBuildConfiguration;
			buildSettings = {
				ALWAYS_EMBED_SWIFT_STANDARD_LIBRARIES = YES;
				BUNDLE_LOADER = "$(TEST_HOST)";
				CODE_SIGN_STYLE = Automatic;
				CURRENT_PROJECT_VERSION = 1;
				DEVELOPMENT_TEAM = A44ZPUJ4DY;
				GENERATE_INFOPLIST_FILE = YES;
				IPHONEOS_DEPLOYMENT_TARGET = 15.0;
				LD_RUNPATH_SEARCH_PATHS = (
					"$(inherited)",
					"@executable_path/Frameworks",
					"@loader_path/Frameworks",
				);
				MARKETING_VERSION = 1.0;
				PRODUCT_BUNDLE_IDENTIFIER = "com.nes.application.Egg-Timer-Application-NESTests";
				PRODUCT_NAME = "$(TARGET_NAME)";
				SWIFT_EMIT_LOC_STRINGS = NO;
				SWIFT_VERSION = 5.0;
				TARGETED_DEVICE_FAMILY = "1,2";
				TEST_HOST = "$(BUILT_PRODUCTS_DIR)/Egg-Timer-Application-NES.app/Egg-Timer-Application-NES";
			};
			name = Release;
		};
		432158B22732EAE4000B9245 /* Debug */ = {
			isa = XCBuildConfiguration;
			buildSettings = {
				ALWAYS_EMBED_SWIFT_STANDARD_LIBRARIES = YES;
				CODE_SIGN_STYLE = Automatic;
				CURRENT_PROJECT_VERSION = 1;
				DEVELOPMENT_TEAM = A44ZPUJ4DY;
				GENERATE_INFOPLIST_FILE = YES;
				LD_RUNPATH_SEARCH_PATHS = (
					"$(inherited)",
					"@executable_path/Frameworks",
					"@loader_path/Frameworks",
				);
				MARKETING_VERSION = 1.0;
				PRODUCT_BUNDLE_IDENTIFIER = "com.nes.application.Egg-Timer-Application-NESUITests";
				PRODUCT_NAME = "$(TARGET_NAME)";
				SWIFT_EMIT_LOC_STRINGS = NO;
				SWIFT_VERSION = 5.0;
				TARGETED_DEVICE_FAMILY = "1,2";
				TEST_TARGET_NAME = "Egg-Timer-Application-NES";
			};
			name = Debug;
		};
		432158B32732EAE4000B9245 /* Release */ = {
			isa = XCBuildConfiguration;
			buildSettings = {
				ALWAYS_EMBED_SWIFT_STANDARD_LIBRARIES = YES;
				CODE_SIGN_STYLE = Automatic;
				CURRENT_PROJECT_VERSION = 1;
				DEVELOPMENT_TEAM = A44ZPUJ4DY;
				GENERATE_INFOPLIST_FILE = YES;
				LD_RUNPATH_SEARCH_PATHS = (
					"$(inherited)",
					"@executable_path/Frameworks",
					"@loader_path/Frameworks",
				);
				MARKETING_VERSION = 1.0;
				PRODUCT_BUNDLE_IDENTIFIER = "com.nes.application.Egg-Timer-Application-NESUITests";
				PRODUCT_NAME = "$(TARGET_NAME)";
				SWIFT_EMIT_LOC_STRINGS = NO;
				SWIFT_VERSION = 5.0;
				TARGETED_DEVICE_FAMILY = "1,2";
				TEST_TARGET_NAME = "Egg-Timer-Application-NES";
			};
			name = Release;
		};
/* End XCBuildConfiguration section */

/* Begin XCConfigurationList section */
		4321587C2732EAE1000B9245 /* Build configuration list for PBXProject "Egg-Timer-Application-NES" */ = {
			isa = XCConfigurationList;
			buildConfigurations = (
				432158A92732EAE4000B9245 /* Debug */,
				432158AA2732EAE4000B9245 /* Release */,
			);
			defaultConfigurationIsVisible = 0;
			defaultConfigurationName = Release;
		};
		432158AB2732EAE4000B9245 /* Build configuration list for PBXNativeTarget "Egg-Timer-Application-NES" */ = {
			isa = XCConfigurationList;
			buildConfigurations = (
				432158AC2732EAE4000B9245 /* Debug */,
				432158AD2732EAE4000B9245 /* Release */,
			);
			defaultConfigurationIsVisible = 0;
			defaultConfigurationName = Release;
		};
		432158AE2732EAE4000B9245 /* Build configuration list for PBXNativeTarget "Egg-Timer-Application-NESTests" */ = {
			isa = XCConfigurationList;
			buildConfigurations = (
				432158AF2732EAE4000B9245 /* Debug */,
				432158B02732EAE4000B9245 /* Release */,
			);
			defaultConfigurationIsVisible = 0;
			defaultConfigurationName = Release;
		};
		432158B12732EAE4000B9245 /* Build configuration list for PBXNativeTarget "Egg-Timer-Application-NESUITests" */ = {
			isa = XCConfigurationList;
			buildConfigurations = (
				432158B22732EAE4000B9245 /* Debug */,
				432158B32732EAE4000B9245 /* Release */,
			);
			defaultConfigurationIsVisible = 0;
			defaultConfigurationName = Release;
		};
/* End XCConfigurationList section */
	};
	rootObject = 432158792732EAE1000B9245 /* Project object */;
}
